
Microsoft Visual Studio Solution File, Format Version 12.00
# Visual Studio Version 17
VisualStudioVersion = 17.0.31919.166
MinimumVisualStudioVersion = 10.0.40219.1
Project("{FAE04EC0-301F-11D3-BF4B-00C04F79EFBC}") = "Algorytm8", "Algorytm8.csproj", "{E2049A66-3C26-4566-A84D-2222299E4660}"
EndProject
Global
	GlobalSection(SolutionConfigurationPlatforms) = preSolution
		Debug|Any CPU = Debug|Any CPU
		Release|Any CPU = Release|Any CPU
	EndGlobalSection
	GlobalSection(ProjectConfigurationPlatforms) = postSolution
		{E2049A66-3C26-4566-A84D-2222299E4660}.Debug|Any CPU.ActiveCfg = Debug|Any CPU
		{E2049A66-3C26-4566-A84D-2222299E4660}.Debug|Any CPU.Build.0 = Debug|Any CPU
		{E2049A66-3C26-4566-A84D-2222299E4660}.Release|Any CPU.ActiveCfg = Release|Any CPU
		{E2049A66-3C26-4566-A84D-2222299E4660}.Release|Any CPU.Build.0 = Release|Any CPU
	EndGlobalSection
	GlobalSection(SolutionProperties) = preSolution
		HideSolutionNode = FALSE
	EndGlobalSection
	GlobalSection(ExtensibilityGlobals) = postSolution
		SolutionGuid = {04F2B265-F9E9-49C0-A0C5-3073D8F8D2A1}
	EndGlobalSection
EndGlobal
